
Microsoft Visual Studio Solution File, Format Version 12.00
# Visual Studio Version 17
VisualStudioVersion = 17.5.002.0
MinimumVisualStudioVersion = 10.0.40219.1
Project("{2150E333-8FDC-42A3-9474-1A3956D46DE8}") = "csharp-prep", "csharp-prep", "{5AE7FDF5-95DD-44B2-A47D-84E81A759738}"
EndProject
Project("{9A19103F-16F7-4668-BE54-9A1E7A4F7556}") = "Prep1", "csharp-prep\Prep1\Prep1.csproj", "{A03A8342-BE16-4F5F-9F10-5C540758A515}"
EndProject
Project("{9A19103F-16F7-4668-BE54-9A1E7A4F7556}") = "Prep2", "csharp-prep\Prep2\Prep2.csproj", "{CD8B69B7-0F64-49E6-B7F5-29E6D5C3962F}"
EndProject
Project("{9A19103F-16F7-4668-BE54-9A1E7A4F7556}") = "Prep3", "csharp-prep\Prep3\Prep3.csproj", "{73736C2F-43FF-4200-8465-7DB2D607BC97}"
EndProject
Project("{9A19103F-16F7-4668-BE54-9A1E7A4F7556}") = "Prep4", "csharp-prep\Prep4\Prep4.csproj", "{CED36D64-78F5-48ED-91BC-8104156D38AF}"
EndProject
Project("{9A19103F-16F7-4668-BE54-9A1E7A4F7556}") = "Prep5", "csharp-prep\Prep5\Prep5.csproj", "{7609157A-F1EA-4D99-B4D0-A22DBD3E2B8D}"
EndProject
Project("{2150E333-8FDC-42A3-9474-1A3956D46DE8}") = "final", "final", "{91601A73-ABC0-4903-81D3-8534BAF6B160}"
EndProject
Project("{9A19103F-16F7-4668-BE54-9A1E7A4F7556}") = "FinalProject", "final\FinalProject\FinalProject.csproj", "{95041836-3731-462F-B87A-6E990F2B5A55}"
EndProject
Project("{9A19103F-16F7-4668-BE54-9A1E7A4F7556}") = "Foundation1", "final\Foundation1\Foundation1.csproj", "{F49B0B82-C005-4F2B-9C56-B94F055225DD}"
EndProject
Project("{9A19103F-16F7-4668-BE54-9A1E7A4F7556}") = "Foundation2", "final\Foundation2\Foundation2.csproj", "{0037500D-C4B6-43D1-8546-4FE3F09D15DA}"
EndProject
Project("{9A19103F-16F7-4668-BE54-9A1E7A4F7556}") = "Foundation3", "final\Foundation3\Foundation3.csproj", "{C381FB65-4B35-4B24-9C39-A8CCD811645B}"
EndProject
Project("{9A19103F-16F7-4668-BE54-9A1E7A4F7556}") = "Foundation4", "final\Foundation4\Foundation4.csproj", "{904EA672-474F-4ABB-ADE7-7DB784A80A63}"
EndProject
Project("{2150E333-8FDC-42A3-9474-1A3956D46DE8}") = "prepare", "prepare", "{0C4A2117-A1C2-436E-9AA9-6407AB968456}"
EndProject
Project("{9A19103F-16F7-4668-BE54-9A1E7A4F7556}") = "Learning02", "prepare\Learning02\Learning02.csproj", "{944CBD7D-5202-49B8-B62B-B15D0F848BE6}"
EndProject
Project("{9A19103F-16F7-4668-BE54-9A1E7A4F7556}") = "Learning03", "prepare\Learning03\Learning03.csproj", "{2C1378D2-2DE0-4A99-8403-7211D6827F9F}"
EndProject
Project("{9A19103F-16F7-4668-BE54-9A1E7A4F7556}") = "Learning04", "prepare\Learning04\Learning04.csproj", "{67BDF139-6D07-4F35-AFC3-45B1CF9A035B}"
EndProject
Project("{9A19103F-16F7-4668-BE54-9A1E7A4F7556}") = "Learning05", "prepare\Learning05\Learning05.csproj", "{EBA6F460-5F36-41C8-AC65-B65A8EABE2E5}"
EndProject
Project("{2150E333-8FDC-42A3-9474-1A3956D46DE8}") = "prove", "prove", "{13B14A94-28A1-4BBC-8195-9FEF2E668B0E}"
EndProject
Project("{9A19103F-16F7-4668-BE54-9A1E7A4F7556}") = "Develop02", "prove\Develop02\Develop02.csproj", "{485D9605-1985-4FE8-B682-797DC2C609C8}"
EndProject
Project("{9A19103F-16F7-4668-BE54-9A1E7A4F7556}") = "Develop03", "prove\Develop03\Develop03.csproj", "{5487F658-9FEE-4AA9-8E3D-093121DE2BC9}"
EndProject
Project("{9A19103F-16F7-4668-BE54-9A1E7A4F7556}") = "Develop04", "prove\Develop04\Develop04.csproj", "{E2B1D51A-0E2E-4A97-92C6-70BB4B97ABC4}"
EndProject
Project("{9A19103F-16F7-4668-BE54-9A1E7A4F7556}") = "Develop05", "prove\Develop05\Develop05.csproj", "{00534AF9-B62F-4454-A2FF-8DCEE7BF7BC7}"
EndProject
Project("{2150E333-8FDC-42A3-9474-1A3956D46DE8}") = "sandbox", "sandbox", "{98B36FEE-0720-42D2-8C33-87DFA53A2C82}"
EndProject
Project("{9A19103F-16F7-4668-BE54-9A1E7A4F7556}") = "Sandbox", "sandbox\Sandbox\Sandbox.csproj", "{4312AED6-38BF-4AAB-83FF-D10C2EC78319}"
EndProject
Global
	GlobalSection(SolutionConfigurationPlatforms) = preSolution
		Debug|Any CPU = Debug|Any CPU
		Release|Any CPU = Release|Any CPU
	EndGlobalSection
	GlobalSection(ProjectConfigurationPlatforms) = postSolution
		{A03A8342-BE16-4F5F-9F10-5C540758A515}.Debug|Any CPU.ActiveCfg = Debug|Any CPU
		{A03A8342-BE16-4F5F-9F10-5C540758A515}.Debug|Any CPU.Build.0 = Debug|Any CPU
		{A03A8342-BE16-4F5F-9F10-5C540758A515}.Release|Any CPU.ActiveCfg = Release|Any CPU
		{A03A8342-BE16-4F5F-9F10-5C540758A515}.Release|Any CPU.Build.0 = Release|Any CPU
		{CD8B69B7-0F64-49E6-B7F5-29E6D5C3962F}.Debug|Any CPU.ActiveCfg = Debug|Any CPU
		{CD8B69B7-0F64-49E6-B7F5-29E6D5C3962F}.Debug|Any CPU.Build.0 = Debug|Any CPU
		{CD8B69B7-0F64-49E6-B7F5-29E6D5C3962F}.Release|Any CPU.ActiveCfg = Release|Any CPU
		{CD8B69B7-0F64-49E6-B7F5-29E6D5C3962F}.Release|Any CPU.Build.0 = Release|Any CPU
		{73736C2F-43FF-4200-8465-7DB2D607BC97}.Debug|Any CPU.ActiveCfg = Debug|Any CPU
		{73736C2F-43FF-4200-8465-7DB2D607BC97}.Debug|Any CPU.Build.0 = Debug|Any CPU
		{73736C2F-43FF-4200-8465-7DB2D607BC97}.Release|Any CPU.ActiveCfg = Release|Any CPU
		{73736C2F-43FF-4200-8465-7DB2D607BC97}.Release|Any CPU.Build.0 = Release|Any CPU
		{CED36D64-78F5-48ED-91BC-8104156D38AF}.Debug|Any CPU.ActiveCfg = Debug|Any CPU
		{CED36D64-78F5-48ED-91BC-8104156D38AF}.Debug|Any CPU.Build.0 = Debug|Any CPU
		{CED36D64-78F5-48ED-91BC-8104156D38AF}.Release|Any CPU.ActiveCfg = Release|Any CPU
		{CED36D64-78F5-48ED-91BC-8104156D38AF}.Release|Any CPU.Build.0 = Release|Any CPU
		{7609157A-F1EA-4D99-B4D0-A22DBD3E2B8D}.Debug|Any CPU.ActiveCfg = Debug|Any CPU
		{7609157A-F1EA-4D99-B4D0-A22DBD3E2B8D}.Debug|Any CPU.Build.0 = Debug|Any CPU
		{7609157A-F1EA-4D99-B4D0-A22DBD3E2B8D}.Release|Any CPU.ActiveCfg = Release|Any CPU
		{7609157A-F1EA-4D99-B4D0-A22DBD3E2B8D}.Release|Any CPU.Build.0 = Release|Any CPU
		{95041836-3731-462F-B87A-6E990F2B5A55}.Debug|Any CPU.ActiveCfg = Debug|Any CPU
		{95041836-3731-462F-B87A-6E990F2B5A55}.Debug|Any CPU.Build.0 = Debug|Any CPU
		{95041836-3731-462F-B87A-6E990F2B5A55}.Release|Any CPU.ActiveCfg = Release|Any CPU
		{95041836-3731-462F-B87A-6E990F2B5A55}.Release|Any CPU.Build.0 = Release|Any CPU
		{F49B0B82-C005-4F2B-9C56-B94F055225DD}.Debug|Any CPU.ActiveCfg = Debug|Any CPU
		{F49B0B82-C005-4F2B-9C56-B94F055225DD}.Debug|Any CPU.Build.0 = Debug|Any CPU
		{F49B0B82-C005-4F2B-9C56-B94F055225DD}.Release|Any CPU.ActiveCfg = Release|Any CPU
		{F49B0B82-C005-4F2B-9C56-B94F055225DD}.Release|Any CPU.Build.0 = Release|Any CPU
		{0037500D-C4B6-43D1-8546-4FE3F09D15DA}.Debug|Any CPU.ActiveCfg = Debug|Any CPU
		{0037500D-C4B6-43D1-8546-4FE3F09D15DA}.Debug|Any CPU.Build.0 = Debug|Any CPU
		{0037500D-C4B6-43D1-8546-4FE3F09D15DA}.Release|Any CPU.ActiveCfg = Release|Any CPU
		{0037500D-C4B6-43D1-8546-4FE3F09D15DA}.Release|Any CPU.Build.0 = Release|Any CPU
		{C381FB65-4B35-4B24-9C39-A8CCD811645B}.Debug|Any CPU.ActiveCfg = Debug|Any CPU
		{C381FB65-4B35-4B24-9C39-A8CCD811645B}.Debug|Any CPU.Build.0 = Debug|Any CPU
		{C381FB65-4B35-4B24-9C39-A8CCD811645B}.Release|Any CPU.ActiveCfg = Release|Any CPU
		{C381FB65-4B35-4B24-9C39-A8CCD811645B}.Release|Any CPU.Build.0 = Release|Any CPU
		{904EA672-474F-4ABB-ADE7-7DB784A80A63}.Debug|Any CPU.ActiveCfg = Debug|Any CPU
		{904EA672-474F-4ABB-ADE7-7DB784A80A63}.Debug|Any CPU.Build.0 = Debug|Any CPU
		{904EA672-474F-4ABB-ADE7-7DB784A80A63}.Release|Any CPU.ActiveCfg = Release|Any CPU
		{904EA672-474F-4ABB-ADE7-7DB784A80A63}.Release|Any CPU.Build.0 = Release|Any CPU
		{944CBD7D-5202-49B8-B62B-B15D0F848BE6}.Debug|Any CPU.ActiveCfg = Debug|Any CPU
		{944CBD7D-5202-49B8-B62B-B15D0F848BE6}.Debug|Any CPU.Build.0 = Debug|Any CPU
		{944CBD7D-5202-49B8-B62B-B15D0F848BE6}.Release|Any CPU.ActiveCfg = Release|Any CPU
		{944CBD7D-5202-49B8-B62B-B15D0F848BE6}.Release|Any CPU.Build.0 = Release|Any CPU
		{2C1378D2-2DE0-4A99-8403-7211D6827F9F}.Debug|Any CPU.ActiveCfg = Debug|Any CPU
		{2C1378D2-2DE0-4A99-8403-7211D6827F9F}.Debug|Any CPU.Build.0 = Debug|Any CPU
		{2C1378D2-2DE0-4A99-8403-7211D6827F9F}.Release|Any CPU.ActiveCfg = Release|Any CPU
		{2C1378D2-2DE0-4A99-8403-7211D6827F9F}.Release|Any CPU.Build.0 = Release|Any CPU
		{67BDF139-6D07-4F35-AFC3-45B1CF9A035B}.Debug|Any CPU.ActiveCfg = Debug|Any CPU
		{67BDF139-6D07-4F35-AFC3-45B1CF9A035B}.Debug|Any CPU.Build.0 = Debug|Any CPU
		{67BDF139-6D07-4F35-AFC3-45B1CF9A035B}.Release|Any CPU.ActiveCfg = Release|Any CPU
		{67BDF139-6D07-4F35-AFC3-45B1CF9A035B}.Release|Any CPU.Build.0 = Release|Any CPU
		{EBA6F460-5F36-41C8-AC65-B65A8EABE2E5}.Debug|Any CPU.ActiveCfg = Debug|Any CPU
		{EBA6F460-5F36-41C8-AC65-B65A8EABE2E5}.Debug|Any CPU.Build.0 = Debug|Any CPU
		{EBA6F460-5F36-41C8-AC65-B65A8EABE2E5}.Release|Any CPU.ActiveCfg = Release|Any CPU
		{EBA6F460-5F36-41C8-AC65-B65A8EABE2E5}.Release|Any CPU.Build.0 = Release|Any CPU
		{485D9605-1985-4FE8-B682-797DC2C609C8}.Debug|Any CPU.ActiveCfg = Debug|Any CPU
		{485D9605-1985-4FE8-B682-797DC2C609C8}.Debug|Any CPU.Build.0 = Debug|Any CPU
		{485D9605-1985-4FE8-B682-797DC2C609C8}.Release|Any CPU.ActiveCfg = Release|Any CPU
		{485D9605-1985-4FE8-B682-797DC2C609C8}.Release|Any CPU.Build.0 = Release|Any CPU
		{5487F658-9FEE-4AA9-8E3D-093121DE2BC9}.Debug|Any CPU.ActiveCfg = Debug|Any CPU
		{5487F658-9FEE-4AA9-8E3D-093121DE2BC9}.Debug|Any CPU.Build.0 = Debug|Any CPU
		{5487F658-9FEE-4AA9-8E3D-093121DE2BC9}.Release|Any CPU.ActiveCfg = Release|Any CPU
		{5487F658-9FEE-4AA9-8E3D-093121DE2BC9}.Release|Any CPU.Build.0 = Release|Any CPU
		{E2B1D51A-0E2E-4A97-92C6-70BB4B97ABC4}.Debug|Any CPU.ActiveCfg = Debug|Any CPU
		{E2B1D51A-0E2E-4A97-92C6-70BB4B97ABC4}.Debug|Any CPU.Build.0 = Debug|Any CPU
		{E2B1D51A-0E2E-4A97-92C6-70BB4B97ABC4}.Release|Any CPU.ActiveCfg = Release|Any CPU
		{E2B1D51A-0E2E-4A97-92C6-70BB4B97ABC4}.Release|Any CPU.Build.0 = Release|Any CPU
		{00534AF9-B62F-4454-A2FF-8DCEE7BF7BC7}.Debug|Any CPU.ActiveCfg = Debug|Any CPU
		{00534AF9-B62F-4454-A2FF-8DCEE7BF7BC7}.Debug|Any CPU.Build.0 = Debug|Any CPU
		{00534AF9-B62F-4454-A2FF-8DCEE7BF7BC7}.Release|Any CPU.ActiveCfg = Release|Any CPU
		{00534AF9-B62F-4454-A2FF-8DCEE7BF7BC7}.Release|Any CPU.Build.0 = Release|Any CPU
		{4312AED6-38BF-4AAB-83FF-D10C2EC78319}.Debug|Any CPU.ActiveCfg = Debug|Any CPU
		{4312AED6-38BF-4AAB-83FF-D10C2EC78319}.Debug|Any CPU.Build.0 = Debug|Any CPU
		{4312AED6-38BF-4AAB-83FF-D10C2EC78319}.Release|Any CPU.ActiveCfg = Release|Any CPU
		{4312AED6-38BF-4AAB-83FF-D10C2EC78319}.Release|Any CPU.Build.0 = Release|Any CPU
	EndGlobalSection
	GlobalSection(SolutionProperties) = preSolution
		HideSolutionNode = FALSE
	EndGlobalSection
	GlobalSection(NestedProjects) = preSolution
		{A03A8342-BE16-4F5F-9F10-5C540758A515} = {5AE7FDF5-95DD-44B2-A47D-84E81A759738}
		{CD8B69B7-0F64-49E6-B7F5-29E6D5C3962F} = {5AE7FDF5-95DD-44B2-A47D-84E81A759738}
		{73736C2F-43FF-4200-8465-7DB2D607BC97} = {5AE7FDF5-95DD-44B2-A47D-84E81A759738}
		{CED36D64-78F5-48ED-91BC-8104156D38AF} = {5AE7FDF5-95DD-44B2-A47D-84E81A759738}
		{7609157A-F1EA-4D99-B4D0-A22DBD3E2B8D} = {5AE7FDF5-95DD-44B2-A47D-84E81A759738}
		{95041836-3731-462F-B87A-6E990F2B5A55} = {91601A73-ABC0-4903-81D3-8534BAF6B160}
		{F49B0B82-C005-4F2B-9C56-B94F055225DD} = {91601A73-ABC0-4903-81D3-8534BAF6B160}
		{0037500D-C4B6-43D1-8546-4FE3F09D15DA} = {91601A73-ABC0-4903-81D3-8534BAF6B160}
		{C381FB65-4B35-4B24-9C39-A8CCD811645B} = {91601A73-ABC0-4903-81D3-8534BAF6B160}
		{904EA672-474F-4ABB-ADE7-7DB784A80A63} = {91601A73-ABC0-4903-81D3-8534BAF6B160}
		{944CBD7D-5202-49B8-B62B-B15D0F848BE6} = {0C4A2117-A1C2-436E-9AA9-6407AB968456}
		{2C1378D2-2DE0-4A99-8403-7211D6827F9F} = {0C4A2117-A1C2-436E-9AA9-6407AB968456}
		{67BDF139-6D07-4F35-AFC3-45B1CF9A035B} = {0C4A2117-A1C2-436E-9AA9-6407AB968456}
		{EBA6F460-5F36-41C8-AC65-B65A8EABE2E5} = {0C4A2117-A1C2-436E-9AA9-6407AB968456}
		{485D9605-1985-4FE8-B682-797DC2C609C8} = {13B14A94-28A1-4BBC-8195-9FEF2E668B0E}
		{5487F658-9FEE-4AA9-8E3D-093121DE2BC9} = {13B14A94-28A1-4BBC-8195-9FEF2E668B0E}
		{E2B1D51A-0E2E-4A97-92C6-70BB4B97ABC4} = {13B14A94-28A1-4BBC-8195-9FEF2E668B0E}
		{00534AF9-B62F-4454-A2FF-8DCEE7BF7BC7} = {13B14A94-28A1-4BBC-8195-9FEF2E668B0E}
		{4312AED6-38BF-4AAB-83FF-D10C2EC78319} = {98B36FEE-0720-42D2-8C33-87DFA53A2C82}
	EndGlobalSection
	GlobalSection(ExtensibilityGlobals) = postSolution
		SolutionGuid = {5E7B1063-18CF-4798-95C8-222A57F346A4}
	EndGlobalSection
EndGlobal
